// !$*UTF8*$!
{
	archiveVersion = 1;
	classes = {
	};
	objectVersion = 50;
	objects = {

/* Begin PBXBuildFile section */
		2D0F7BFA24343C78008BDDC3 /* YQExtensions.podspec in Resources */ = {isa = PBXBuildFile; fileRef = 2D0F7BF924343C78008BDDC3 /* YQExtensions.podspec */; };
		2D1E0EF9229E5B3900F9423B /* AppDelegate.swift in Sources */ = {isa = PBXBuildFile; fileRef = 2D1E0EF8229E5B3900F9423B /* AppDelegate.swift */; };
		2D1E0EFB229E5B3900F9423B /* ViewController.swift in Sources */ = {isa = PBXBuildFile; fileRef = 2D1E0EFA229E5B3900F9423B /* ViewController.swift */; };
		2D1E0EFE229E5B3900F9423B /* Main.storyboard in Resources */ = {isa = PBXBuildFile; fileRef = 2D1E0EFC229E5B3900F9423B /* Main.storyboard */; };
		2D1E0F00229E5B3A00F9423B /* Assets.xcassets in Resources */ = {isa = PBXBuildFile; fileRef = 2D1E0EFF229E5B3A00F9423B /* Assets.xcassets */; };
		2D1E0F03229E5B3A00F9423B /* LaunchScreen.storyboard in Resources */ = {isa = PBXBuildFile; fileRef = 2D1E0F01229E5B3A00F9423B /* LaunchScreen.storyboard */; };
		2D1E0F20229E5B6F00F9423B /* UIButtonExtension.swift in Sources */ = {isa = PBXBuildFile; fileRef = 2D1E0F0B229E5B6F00F9423B /* UIButtonExtension.swift */; };
		2D1E0F21229E5B6F00F9423B /* UIAlertControllerExtension.swift in Sources */ = {isa = PBXBuildFile; fileRef = 2D1E0F0C229E5B6F00F9423B /* UIAlertControllerExtension.swift */; };
		2D1E0F22229E5B6F00F9423B /* UIImageViewExtension.swift in Sources */ = {isa = PBXBuildFile; fileRef = 2D1E0F0D229E5B6F00F9423B /* UIImageViewExtension.swift */; };
		2D1E0F23229E5B6F00F9423B /* UIColorExtension.swift in Sources */ = {isa = PBXBuildFile; fileRef = 2D1E0F0E229E5B6F00F9423B /* UIColorExtension.swift */; };
		2D1E0F24229E5B6F00F9423B /* UITextViewExtension.swift in Sources */ = {isa = PBXBuildFile; fileRef = 2D1E0F0F229E5B6F00F9423B /* UITextViewExtension.swift */; };
		2D1E0F25229E5B6F00F9423B /* UITextFieldExtension.swift in Sources */ = {isa = PBXBuildFile; fileRef = 2D1E0F10229E5B6F00F9423B /* UITextFieldExtension.swift */; };
		2D1E0F26229E5B6F00F9423B /* UILabelExtension.swift in Sources */ = {isa = PBXBuildFile; fileRef = 2D1E0F11229E5B6F00F9423B /* UILabelExtension.swift */; };
		2D1E0F27229E5B6F00F9423B /* UIApplicationExtension.swift in Sources */ = {isa = PBXBuildFile; fileRef = 2D1E0F12229E5B6F00F9423B /* UIApplicationExtension.swift */; };
		2D1E0F28229E5B6F00F9423B /* StackOrQueueExtension.swift in Sources */ = {isa = PBXBuildFile; fileRef = 2D1E0F13229E5B6F00F9423B /* StackOrQueueExtension.swift */; };
		2D1E0F29229E5B6F00F9423B /* CGFloatExtension.swift in Sources */ = {isa = PBXBuildFile; fileRef = 2D1E0F14229E5B6F00F9423B /* CGFloatExtension.swift */; };
		2D1E0F2A229E5B6F00F9423B /* UIViewExtension.swift in Sources */ = {isa = PBXBuildFile; fileRef = 2D1E0F15229E5B6F00F9423B /* UIViewExtension.swift */; };
		2D1E0F2B229E5B6F00F9423B /* URLExtension.swift in Sources */ = {isa = PBXBuildFile; fileRef = 2D1E0F16229E5B6F00F9423B /* URLExtension.swift */; };
		2D1E0F2C229E5B6F00F9423B /* FileManagerExtension.swift in Sources */ = {isa = PBXBuildFile; fileRef = 2D1E0F17229E5B6F00F9423B /* FileManagerExtension.swift */; };
		2D1E0F2D229E5B6F00F9423B /* UIDeviceExtension.swift in Sources */ = {isa = PBXBuildFile; fileRef = 2D1E0F18229E5B6F00F9423B /* UIDeviceExtension.swift */; };
		2D1E0F2E229E5B6F00F9423B /* UITabBarControllerExtension.swift in Sources */ = {isa = PBXBuildFile; fileRef = 2D1E0F19229E5B6F00F9423B /* UITabBarControllerExtension.swift */; };
		2D1E0F2F229E5B6F00F9423B /* BlockGestureExtension.swift in Sources */ = {isa = PBXBuildFile; fileRef = 2D1E0F1A229E5B6F00F9423B /* BlockGestureExtension.swift */; };
		2D1E0F30229E5B6F00F9423B /* StringExtension.swift in Sources */ = {isa = PBXBuildFile; fileRef = 2D1E0F1B229E5B6F00F9423B /* StringExtension.swift */; };
		2D1E0F31229E5B6F00F9423B /* UIImageExtension.swift in Sources */ = {isa = PBXBuildFile; fileRef = 2D1E0F1C229E5B6F00F9423B /* UIImageExtension.swift */; };
		2D1E0F32229E5B6F00F9423B /* DoubleExtension.swift in Sources */ = {isa = PBXBuildFile; fileRef = 2D1E0F1D229E5B6F00F9423B /* DoubleExtension.swift */; };
		2D1E0F33229E5B6F00F9423B /* DateExtension.swift in Sources */ = {isa = PBXBuildFile; fileRef = 2D1E0F1E229E5B6F00F9423B /* DateExtension.swift */; };
		2D1E0F34229E5B6F00F9423B /* ActionExtension.swift in Sources */ = {isa = PBXBuildFile; fileRef = 2D1E0F1F229E5B6F00F9423B /* ActionExtension.swift */; };
		2DCA6D9022DF185C00C76CE9 /* UIViewControllerExtension.swift in Sources */ = {isa = PBXBuildFile; fileRef = 2DCA6D8F22DF185C00C76CE9 /* UIViewControllerExtension.swift */; };
/* End PBXBuildFile section */

/* Begin PBXFileReference section */
		2D0F7BF924343C78008BDDC3 /* YQExtensions.podspec */ = {isa = PBXFileReference; fileEncoding = 4; lastKnownFileType = text; name = YQExtensions.podspec; path = ../../YQExtensions.podspec; sourceTree = "<group>"; };
		2D1E0EF5229E5B3900F9423B /* Example.app */ = {isa = PBXFileReference; explicitFileType = wrapper.application; includeInIndex = 0; path = Example.app; sourceTree = BUILT_PRODUCTS_DIR; };
		2D1E0EF8229E5B3900F9423B /* AppDelegate.swift */ = {isa = PBXFileReference; lastKnownFileType = sourcecode.swift; path = AppDelegate.swift; sourceTree = "<group>"; };
		2D1E0EFA229E5B3900F9423B /* ViewController.swift */ = {isa = PBXFileReference; lastKnownFileType = sourcecode.swift; path = ViewController.swift; sourceTree = "<group>"; };
		2D1E0EFD229E5B3900F9423B /* Base */ = {isa = PBXFileReference; lastKnownFileType = file.storyboard; name = Base; path = Base.lproj/Main.storyboard; sourceTree = "<group>"; };
		2D1E0EFF229E5B3A00F9423B /* Assets.xcassets */ = {isa = PBXFileReference; lastKnownFileType = folder.assetcatalog; path = Assets.xcassets; sourceTree = "<group>"; };
		2D1E0F02229E5B3A00F9423B /* Base */ = {isa = PBXFileReference; lastKnownFileType = file.storyboard; name = Base; path = Base.lproj/LaunchScreen.storyboard; sourceTree = "<group>"; };
		2D1E0F04229E5B3A00F9423B /* Info.plist */ = {isa = PBXFileReference; lastKnownFileType = text.plist.xml; path = Info.plist; sourceTree = "<group>"; };
		2D1E0F0B229E5B6F00F9423B /* UIButtonExtension.swift */ = {isa = PBXFileReference; fileEncoding = 4; lastKnownFileType = sourcecode.swift; path = UIButtonExtension.swift; sourceTree = "<group>"; };
		2D1E0F0C229E5B6F00F9423B /* UIAlertControllerExtension.swift */ = {isa = PBXFileReference; fileEncoding = 4; lastKnownFileType = sourcecode.swift; path = UIAlertControllerExtension.swift; sourceTree = "<group>"; };
		2D1E0F0D229E5B6F00F9423B /* UIImageViewExtension.swift */ = {isa = PBXFileReference; fileEncoding = 4; lastKnownFileType = sourcecode.swift; path = UIImageViewExtension.swift; sourceTree = "<group>"; };
		2D1E0F0E229E5B6F00F9423B /* UIColorExtension.swift */ = {isa = PBXFileReference; fileEncoding = 4; lastKnownFileType = sourcecode.swift; path = UIColorExtension.swift; sourceTree = "<group>"; };
		2D1E0F0F229E5B6F00F9423B /* UITextViewExtension.swift */ = {isa = PBXFileReference; fileEncoding = 4; lastKnownFileType = sourcecode.swift; path = UITextViewExtension.swift; sourceTree = "<group>"; };
		2D1E0F10229E5B6F00F9423B /* UITextFieldExtension.swift */ = {isa = PBXFileReference; fileEncoding = 4; lastKnownFileType = sourcecode.swift; path = UITextFieldExtension.swift; sourceTree = "<group>"; };
		2D1E0F11229E5B6F00F9423B /* UILabelExtension.swift */ = {isa = PBXFileReference; fileEncoding = 4; lastKnownFileType = sourcecode.swift; path = UILabelExtension.swift; sourceTree = "<group>"; };
		2D1E0F12229E5B6F00F9423B /* UIApplicationExtension.swift */ = {isa = PBXFileReference; fileEncoding = 4; lastKnownFileType = sourcecode.swift; path = UIApplicationExtension.swift; sourceTree = "<group>"; };
		2D1E0F13229E5B6F00F9423B /* StackOrQueueExtension.swift */ = {isa = PBXFileReference; fileEncoding = 4; lastKnownFileType = sourcecode.swift; path = StackOrQueueExtension.swift; sourceTree = "<group>"; };
		2D1E0F14229E5B6F00F9423B /* CGFloatExtension.swift */ = {isa = PBXFileReference; fileEncoding = 4; lastKnownFileType = sourcecode.swift; path = CGFloatExtension.swift; sourceTree = "<group>"; };
		2D1E0F15229E5B6F00F9423B /* UIViewExtension.swift */ = {isa = PBXFileReference; fileEncoding = 4; lastKnownFileType = sourcecode.swift; path = UIViewExtension.swift; sourceTree = "<group>"; };
		2D1E0F16229E5B6F00F9423B /* URLExtension.swift */ = {isa = PBXFileReference; fileEncoding = 4; lastKnownFileType = sourcecode.swift; path = URLExtension.swift; sourceTree = "<group>"; };
		2D1E0F17229E5B6F00F9423B /* FileManagerExtension.swift */ = {isa = PBXFileReference; fileEncoding = 4; lastKnownFileType = sourcecode.swift; path = FileManagerExtension.swift; sourceTree = "<group>"; };
		2D1E0F18229E5B6F00F9423B /* UIDeviceExtension.swift */ = {isa = PBXFileReference; fileEncoding = 4; lastKnownFileType = sourcecode.swift; path = UIDeviceExtension.swift; sourceTree = "<group>"; };
		2D1E0F19229E5B6F00F9423B /* UITabBarControllerExtension.swift */ = {isa = PBXFileReference; fileEncoding = 4; lastKnownFileType = sourcecode.swift; path = UITabBarControllerExtension.swift; sourceTree = "<group>"; };
		2D1E0F1A229E5B6F00F9423B /* BlockGestureExtension.swift */ = {isa = PBXFileReference; fileEncoding = 4; lastKnownFileType = sourcecode.swift; path = BlockGestureExtension.swift; sourceTree = "<group>"; };
		2D1E0F1B229E5B6F00F9423B /* StringExtension.swift */ = {isa = PBXFileReference; fileEncoding = 4; lastKnownFileType = sourcecode.swift; path = StringExtension.swift; sourceTree = "<group>"; };
		2D1E0F1C229E5B6F00F9423B /* UIImageExtension.swift */ = {isa = PBXFileReference; fileEncoding = 4; lastKnownFileType = sourcecode.swift; path = UIImageExtension.swift; sourceTree = "<group>"; };
		2D1E0F1D229E5B6F00F9423B /* DoubleExtension.swift */ = {isa = PBXFileReference; fileEncoding = 4; lastKnownFileType = sourcecode.swift; path = DoubleExtension.swift; sourceTree = "<group>"; };
		2D1E0F1E229E5B6F00F9423B /* DateExtension.swift */ = {isa = PBXFileReference; fileEncoding = 4; lastKnownFileType = sourcecode.swift; path = DateExtension.swift; sourceTree = "<group>"; };
		2D1E0F1F229E5B6F00F9423B /* ActionExtension.swift */ = {isa = PBXFileReference; fileEncoding = 4; lastKnownFileType = sourcecode.swift; path = ActionExtension.swift; sourceTree = "<group>"; };
		2DCA6D8F22DF185C00C76CE9 /* UIViewControllerExtension.swift */ = {isa = PBXFileReference; lastKnownFileType = sourcecode.swift; path = UIViewControllerExtension.swift; sourceTree = "<group>"; };
/* End PBXFileReference section */

/* Begin PBXFrameworksBuildPhase section */
		2D1E0EF2229E5B3900F9423B /* Frameworks */ = {
			isa = PBXFrameworksBuildPhase;
			buildActionMask = 2147483647;
			files = (
			);
			runOnlyForDeploymentPostprocessing = 0;
		};
/* End PBXFrameworksBuildPhase section */

/* Begin PBXGroup section */
		2D1E0EEC229E5B3900F9423B = {
			isa = PBXGroup;
			children = (
				2D1E0F0A229E5B6F00F9423B /* Extensions */,
				2D1E0EF7229E5B3900F9423B /* Example */,
				2D1E0EF6229E5B3900F9423B /* Products */,
			);
			sourceTree = "<group>";
		};
		2D1E0EF6229E5B3900F9423B /* Products */ = {
			isa = PBXGroup;
			children = (
				2D1E0EF5229E5B3900F9423B /* Example.app */,
			);
			name = Products;
			sourceTree = "<group>";
		};
		2D1E0EF7229E5B3900F9423B /* Example */ = {
			isa = PBXGroup;
			children = (
				2D1E0EF8229E5B3900F9423B /* AppDelegate.swift */,
				2D1E0EFA229E5B3900F9423B /* ViewController.swift */,
				2D0F7BF924343C78008BDDC3 /* YQExtensions.podspec */,
				2D1E0EFC229E5B3900F9423B /* Main.storyboard */,
				2D1E0EFF229E5B3A00F9423B /* Assets.xcassets */,
				2D1E0F01229E5B3A00F9423B /* LaunchScreen.storyboard */,
				2D1E0F04229E5B3A00F9423B /* Info.plist */,
			);
			path = Example;
			sourceTree = "<group>";
		};
		2D1E0F0A229E5B6F00F9423B /* Extensions */ = {
			isa = PBXGroup;
			children = (
				2D1E0F1F229E5B6F00F9423B /* ActionExtension.swift */,
				2D1E0F1A229E5B6F00F9423B /* BlockGestureExtension.swift */,
				2D1E0F14229E5B6F00F9423B /* CGFloatExtension.swift */,
				2D1E0F1E229E5B6F00F9423B /* DateExtension.swift */,
				2D1E0F1D229E5B6F00F9423B /* DoubleExtension.swift */,
				2D1E0F17229E5B6F00F9423B /* FileManagerExtension.swift */,
				2D1E0F13229E5B6F00F9423B /* StackOrQueueExtension.swift */,
				2D1E0F1B229E5B6F00F9423B /* StringExtension.swift */,
				2D1E0F0C229E5B6F00F9423B /* UIAlertControllerExtension.swift */,
				2D1E0F12229E5B6F00F9423B /* UIApplicationExtension.swift */,
				2D1E0F0B229E5B6F00F9423B /* UIButtonExtension.swift */,
				2D1E0F0E229E5B6F00F9423B /* UIColorExtension.swift */,
				2D1E0F18229E5B6F00F9423B /* UIDeviceExtension.swift */,
				2D1E0F1C229E5B6F00F9423B /* UIImageExtension.swift */,
				2D1E0F0D229E5B6F00F9423B /* UIImageViewExtension.swift */,
				2D1E0F11229E5B6F00F9423B /* UILabelExtension.swift */,
				2D1E0F19229E5B6F00F9423B /* UITabBarControllerExtension.swift */,
				2D1E0F10229E5B6F00F9423B /* UITextFieldExtension.swift */,
				2D1E0F0F229E5B6F00F9423B /* UITextViewExtension.swift */,
				2D1E0F15229E5B6F00F9423B /* UIViewExtension.swift */,
				2DCA6D8F22DF185C00C76CE9 /* UIViewControllerExtension.swift */,
				2D1E0F16229E5B6F00F9423B /* URLExtension.swift */,
			);
			name = Extensions;
			path = ../Extensions;
			sourceTree = "<group>";
		};
/* End PBXGroup section */

/* Begin PBXNativeTarget section */
		2D1E0EF4229E5B3900F9423B /* Example */ = {
			isa = PBXNativeTarget;
			buildConfigurationList = 2D1E0F07229E5B3A00F9423B /* Build configuration list for PBXNativeTarget "Example" */;
			buildPhases = (
				2D1E0EF1229E5B3900F9423B /* Sources */,
				2D1E0EF2229E5B3900F9423B /* Frameworks */,
				2D1E0EF3229E5B3900F9423B /* Resources */,
			);
			buildRules = (
			);
			dependencies = (
			);
			name = Example;
			productName = Example;
			productReference = 2D1E0EF5229E5B3900F9423B /* Example.app */;
			productType = "com.apple.product-type.application";
		};
/* End PBXNativeTarget section */

/* Begin PBXProject section */
		2D1E0EED229E5B3900F9423B /* Project object */ = {
			isa = PBXProject;
			attributes = {
				LastSwiftUpdateCheck = 1020;
				LastUpgradeCheck = 1020;
				ORGANIZATIONNAME = bing;
				TargetAttributes = {
					2D1E0EF4229E5B3900F9423B = {
						CreatedOnToolsVersion = 10.2.1;
					};
				};
			};
			buildConfigurationList = 2D1E0EF0229E5B3900F9423B /* Build configuration list for PBXProject "Example" */;
			compatibilityVersion = "Xcode 9.3";
			developmentRegion = en;
			hasScannedForEncodings = 0;
			knownRegions = (
				en,
				Base,
			);
			mainGroup = 2D1E0EEC229E5B3900F9423B;
			productRefGroup = 2D1E0EF6229E5B3900F9423B /* Products */;
			projectDirPath = "";
			projectRoot = "";
			targets = (
				2D1E0EF4229E5B3900F9423B /* Example */,
			);
		};
/* End PBXProject section */

/* Begin PBXResourcesBuildPhase section */
		2D1E0EF3229E5B3900F9423B /* Resources */ = {
			isa = PBXResourcesBuildPhase;
			buildActionMask = 2147483647;
			files = (
				2D1E0F03229E5B3A00F9423B /* LaunchScreen.storyboard in Resources */,
				2D1E0F00229E5B3A00F9423B /* Assets.xcassets in Resources */,
				2D0F7BFA24343C78008BDDC3 /* YQExtensions.podspec in Resources */,
				2D1E0EFE229E5B3900F9423B /* Main.storyboard in Resources */,
			);
			runOnlyForDeploymentPostprocessing = 0;
		};
/* End PBXResourcesBuildPhase section */

/* Begin PBXSourcesBuildPhase section */
		2D1E0EF1229E5B3900F9423B /* Sources */ = {
			isa = PBXSourcesBuildPhase;
			buildActionMask = 2147483647;
			files = (
				2D1E0F24229E5B6F00F9423B /* UITextViewExtension.swift in Sources */,
				2D1E0F2B229E5B6F00F9423B /* URLExtension.swift in Sources */,
				2D1E0F25229E5B6F00F9423B /* UITextFieldExtension.swift in Sources */,
				2D1E0F31229E5B6F00F9423B /* UIImageExtension.swift in Sources */,
				2D1E0F27229E5B6F00F9423B /* UIApplicationExtension.swift in Sources */,
				2D1E0F22229E5B6F00F9423B /* UIImageViewExtension.swift in Sources */,
				2D1E0F21229E5B6F00F9423B /* UIAlertControllerExtension.swift in Sources */,
				2D1E0EFB229E5B3900F9423B /* ViewController.swift in Sources */,
				2D1E0F2F229E5B6F00F9423B /* BlockGestureExtension.swift in Sources */,
				2D1E0EF9229E5B3900F9423B /* AppDelegate.swift in Sources */,
				2D1E0F28229E5B6F00F9423B /* StackOrQueueExtension.swift in Sources */,
				2D1E0F20229E5B6F00F9423B /* UIButtonExtension.swift in Sources */,
				2D1E0F32229E5B6F00F9423B /* DoubleExtension.swift in Sources */,
				2D1E0F2C229E5B6F00F9423B /* FileManagerExtension.swift in Sources */,
				2D1E0F2A229E5B6F00F9423B /* UIViewExtension.swift in Sources */,
				2D1E0F26229E5B6F00F9423B /* UILabelExtension.swift in Sources */,
				2D1E0F2D229E5B6F00F9423B /* UIDeviceExtension.swift in Sources */,
				2D1E0F33229E5B6F00F9423B /* DateExtension.swift in Sources */,
				2D1E0F29229E5B6F00F9423B /* CGFloatExtension.swift in Sources */,
				2D1E0F30229E5B6F00F9423B /* StringExtension.swift in Sources */,
				2DCA6D9022DF185C00C76CE9 /* UIViewControllerExtension.swift in Sources */,
				2D1E0F23229E5B6F00F9423B /* UIColorExtension.swift in Sources */,
				2D1E0F34229E5B6F00F9423B /* ActionExtension.swift in Sources */,
				2D1E0F2E229E5B6F00F9423B /* UITabBarControllerExtension.swift in Sources */,
			);
			runOnlyForDeploymentPostprocessing = 0;
		};
/* End PBXSourcesBuildPhase section */

/* Begin PBXVariantGroup section */
		2D1E0EFC229E5B3900F9423B /* Main.storyboard */ = {
			isa = PBXVariantGroup;
			children = (
				2D1E0EFD229E5B3900F9423B /* Base */,
			);
			name = Main.storyboard;
			sourceTree = "<group>";
		};
		2D1E0F01229E5B3A00F9423B /* LaunchScreen.storyboard */ = {
			isa = PBXVariantGroup;
			children = (
				2D1E0F02229E5B3A00F9423B /* Base */,
			);
			name = LaunchScreen.storyboard;
			sourceTree = "<group>";
		};
/* End PBXVariantGroup section */

/* Begin XCBuildConfiguration section */
		2D1E0F05229E5B3A00F9423B /* Debug */ = {
			isa = XCBuildConfiguration;
			buildSettings = {
				ALWAYS_SEARCH_USER_PATHS = NO;
				CLANG_ANALYZER_NONNULL = YES;
				CLANG_ANALYZER_NUMBER_OBJECT_CONVERSION = YES_AGGRESSIVE;
				CLANG_CXX_LANGUAGE_STANDARD = "gnu++14";
				CLANG_CXX_LIBRARY = "libc++";
				CLANG_ENABLE_MODULES = YES;
				CLANG_ENABLE_OBJC_ARC = YES;
				CLANG_ENABLE_OBJC_WEAK = YES;
				CLANG_WARN_BLOCK_CAPTURE_AUTORELEASING = YES;
				CLANG_WARN_BOOL_CONVERSION = YES;
				CLANG_WARN_COMMA = YES;
				CLANG_WARN_CONSTANT_CONVERSION = YES;
				CLANG_WARN_DEPRECATED_OBJC_IMPLEMENTATIONS = YES;
				CLANG_WARN_DIRECT_OBJC_ISA_USAGE = YES_ERROR;
				CLANG_WARN_DOCUMENTATION_COMMENTS = YES;
				CLANG_WARN_EMPTY_BODY = YES;
				CLANG_WARN_ENUM_CONVERSION = YES;
				CLANG_WARN_INFINITE_RECURSION = YES;
				CLANG_WARN_INT_CONVERSION = YES;
				CLANG_WARN_NON_LITERAL_NULL_CONVERSION = YES;
				CLANG_WARN_OBJC_IMPLICIT_RETAIN_SELF = YES;
				CLANG_WARN_OBJC_LITERAL_CONVERSION = YES;
				CLANG_WARN_OBJC_ROOT_CLASS = YES_ERROR;
				CLANG_WARN_RANGE_LOOP_ANALYSIS = YES;
				CLANG_WARN_STRICT_PROTOTYPES = YES;
				CLANG_WARN_SUSPICIOUS_MOVE = YES;
				CLANG_WARN_UNGUARDED_AVAILABILITY = YES_AGGRESSIVE;
				CLANG_WARN_UNREACHABLE_CODE = YES;
				CLANG_WARN__DUPLICATE_METHOD_MATCH = YES;
				CODE_SIGN_IDENTITY = "iPhone Developer";
				COPY_PHASE_STRIP = NO;
				DEBUG_INFORMATION_FORMAT = dwarf;
				ENABLE_STRICT_OBJC_MSGSEND = YES;
				ENABLE_TESTABILITY = YES;
				GCC_C_LANGUAGE_STANDARD = gnu11;
				GCC_DYNAMIC_NO_PIC = NO;
				GCC_NO_COMMON_BLOCKS = YES;
				GCC_OPTIMIZATION_LEVEL = 0;
				GCC_PREPROCESSOR_DEFINITIONS = (
					"DEBUG=1",
					"$(inherited)",
				);
				GCC_WARN_64_TO_32_BIT_CONVERSION = YES;
				GCC_WARN_ABOUT_RETURN_TYPE = YES_ERROR;
				GCC_WARN_UNDECLARED_SELECTOR = YES;
				GCC_WARN_UNINITIALIZED_AUTOS = YES_AGGRESSIVE;
				GCC_WARN_UNUSED_FUNCTION = YES;
				GCC_WARN_UNUSED_VARIABLE = YES;
				IPHONEOS_DEPLOYMENT_TARGET = 10.0;
				MTL_ENABLE_DEBUG_INFO = INCLUDE_SOURCE;
				MTL_FAST_MATH = YES;
				ONLY_ACTIVE_ARCH = YES;
				SDKROOT = iphoneos;
				SWIFT_ACTIVE_COMPILATION_CONDITIONS = DEBUG;
				SWIFT_OPTIMIZATION_LEVEL = "-Onone";
			};
			name = Debug;
		};
		2D1E0F06229E5B3A00F9423B /* Release */ = {
			isa = XCBuildConfiguration;
			buildSettings = {
				ALWAYS_SEARCH_USER_PATHS = NO;
				CLANG_ANALYZER_NONNULL = YES;
				CLANG_ANALYZER_NUMBER_OBJECT_CONVERSION = YES_AGGRESSIVE;
				CLANG_CXX_LANGUAGE_STANDARD = "gnu++14";
				CLANG_CXX_LIBRARY = "libc++";
				CLANG_ENABLE_MODULES = YES;
				CLANG_ENABLE_OBJC_ARC = YES;
				CLANG_ENABLE_OBJC_WEAK = YES;
				CLANG_WARN_BLOCK_CAPTURE_AUTORELEASING = YES;
				CLANG_WARN_BOOL_CONVERSION = YES;
				CLANG_WARN_COMMA = YES;
				CLANG_WARN_CONSTANT_CONVERSION = YES;
				CLANG_WARN_DEPRECATED_OBJC_IMPLEMENTATIONS = YES;
				CLANG_WARN_DIRECT_OBJC_ISA_USAGE = YES_ERROR;
				CLANG_WARN_DOCUMENTATION_COMMENTS = YES;
				CLANG_WARN_EMPTY_BODY = YES;
				CLANG_WARN_ENUM_CONVERSION = YES;
				CLANG_WARN_INFINITE_RECURSION = YES;
				CLANG_WARN_INT_CONVERSION = YES;
				CLANG_WARN_NON_LITERAL_NULL_CONVERSION = YES;
				CLANG_WARN_OBJC_IMPLICIT_RETAIN_SELF = YES;
				CLANG_WARN_OBJC_LITERAL_CONVERSION = YES;
				CLANG_WARN_OBJC_ROOT_CLASS = YES_ERROR;
				CLANG_WARN_RANGE_LOOP_ANALYSIS = YES;
				CLANG_WARN_STRICT_PROTOTYPES = YES;
				CLANG_WARN_SUSPICIOUS_MOVE = YES;
				CLANG_WARN_UNGUARDED_AVAILABILITY = YES_AGGRESSIVE;
				CLANG_WARN_UNREACHABLE_CODE = YES;
				CLANG_WARN__DUPLICATE_METHOD_MATCH = YES;
				CODE_SIGN_IDENTITY = "iPhone Developer";
				COPY_PHASE_STRIP = NO;
				DEBUG_INFORMATION_FORMAT = "dwarf-with-dsym";
				ENABLE_NS_ASSERTIONS = NO;
				ENABLE_STRICT_OBJC_MSGSEND = YES;
				GCC_C_LANGUAGE_STANDARD = gnu11;
				GCC_NO_COMMON_BLOCKS = YES;
				GCC_WARN_64_TO_32_BIT_CONVERSION = YES;
				GCC_WARN_ABOUT_RETURN_TYPE = YES_ERROR;
				GCC_WARN_UNDECLARED_SELECTOR = YES;
				GCC_WARN_UNINITIALIZED_AUTOS = YES_AGGRESSIVE;
				GCC_WARN_UNUSED_FUNCTION = YES;
				GCC_WARN_UNUSED_VARIABLE = YES;
				IPHONEOS_DEPLOYMENT_TARGET = 10.0;
				MTL_ENABLE_DEBUG_INFO = NO;
				MTL_FAST_MATH = YES;
				SDKROOT = iphoneos;
				SWIFT_COMPILATION_MODE = wholemodule;
				SWIFT_OPTIMIZATION_LEVEL = "-O";
				VALIDATE_PRODUCT = YES;
			};
			name = Release;
		};
		2D1E0F08229E5B3A00F9423B /* Debug */ = {
			isa = XCBuildConfiguration;
			buildSettings = {
				ASSETCATALOG_COMPILER_APPICON_NAME = AppIcon;
				CODE_SIGN_STYLE = Automatic;
				INFOPLIST_FILE = Example/Info.plist;
				LD_RUNPATH_SEARCH_PATHS = (
					"$(inherited)",
					"@executable_path/Frameworks",
				);
				PRODUCT_BUNDLE_IDENTIFIER = bing.Example;
				PRODUCT_NAME = "$(TARGET_NAME)";
				SWIFT_VERSION = 5.0;
				TARGETED_DEVICE_FAMILY = "1,2";
			};
			name = Debug;
		};
		2D1E0F09229E5B3A00F9423B /* Release */ = {
			isa = XCBuildConfiguration;
			buildSettings = {
				ASSETCATALOG_COMPILER_APPICON_NAME = AppIcon;
				CODE_SIGN_STYLE = Automatic;
				INFOPLIST_FILE = Example/Info.plist;
				LD_RUNPATH_SEARCH_PATHS = (
					"$(inherited)",
					"@executable_path/Frameworks",
				);
				PRODUCT_BUNDLE_IDENTIFIER = bing.Example;
				PRODUCT_NAME = "$(TARGET_NAME)";
				SWIFT_VERSION = 5.0;
				TARGETED_DEVICE_FAMILY = "1,2";
			};
			name = Release;
		};
/* End XCBuildConfiguration section */

/* Begin XCConfigurationList section */
		2D1E0EF0229E5B3900F9423B /* Build configuration list for PBXProject "Example" */ = {
			isa = XCConfigurationList;
			buildConfigurations = (
				2D1E0F05229E5B3A00F9423B /* Debug */,
				2D1E0F06229E5B3A00F9423B /* Release */,
			);
			defaultConfigurationIsVisible = 0;
			defaultConfigurationName = Release;
		};
		2D1E0F07229E5B3A00F9423B /* Build configuration list for PBXNativeTarget "Example" */ = {
			isa = XCConfigurationList;
			buildConfigurations = (
				2D1E0F08229E5B3A00F9423B /* Debug */,
				2D1E0F09229E5B3A00F9423B /* Release */,
			);
			defaultConfigurationIsVisible = 0;
			defaultConfigurationName = Release;
		};
/* End XCConfigurationList section */
	};
	rootObject = 2D1E0EED229E5B3900F9423B /* Project object */;
}
